{
  "nodes": {
    "fenix": {
      "inputs": {
        "nixpkgs": [
          "nixpkgs"
        ],
        "rust-analyzer-src": "rust-analyzer-src"
      },
      "locked": {
        "lastModified": 1697264433,
        "narHash": "sha256-4VUSfyLkY+5ZPrD/N3GG8w9IKwp46TqzZs08auhtxq0=",
        "owner": "nix-community",
        "repo": "fenix",
        "rev": "89a969653519a0503027421999e3f3944e2184fe",
        "type": "github"
      },
      "original": {
        "owner": "nix-community",
        "repo": "fenix",
        "type": "github"
      }
    },
    "nixpkgs": {
      "locked": {
        "lastModified": 1697059129,
        "narHash": "sha256-9NJcFF9CEYPvHJ5ckE8kvINvI84SZZ87PvqMbH6pro0=",
        "owner": "NixOS",
        "repo": "nixpkgs",
        "rev": "5e4c2ada4fcd54b99d56d7bd62f384511a7e2593",
        "type": "github"
      },
      "original": {
        "id": "nixpkgs",
        "ref": "nixos-unstable",
        "type": "indirect"
      }
    },
    "root": {
      "inputs": {
        "fenix": "fenix",
        "nixpkgs": "nixpkgs"
      }
    },
    "rust-analyzer-src": {
      "flake": false,
      "locked": {
        "lastModified": 1697182375,
        "narHash": "sha256-2PdPGgPyT8yf8P3ePzrnpdPEtTF3/7j7e0PUkVo8MWg=",
        "owner": "rust-lang",
        "repo": "rust-analyzer",
        "rev": "862693ff954660d169774c8ada4672fb96dabf36",
        "type": "github"
      },
      "original": {
        "owner": "rust-lang",
        "ref": "nightly",
        "repo": "rust-analyzer",
        "type": "github"
      }
    }
  },
  "root": "root",
  "version": 7
}
